lockfileVersion: '6.0'

settings:
  autoInstallPeers: true
  excludeLinksFromLockfile: false

dependencies:
  deep-pick-omit:
    specifier: ^1.2.1
    version: 1.2.1
  destr:
    specifier: ^2.0.5
    version: 2.0.5
  lodash-es:
    specifier: ^4.17.21
    version: 4.17.21
  pinia-plugin-persistedstate:
    specifier: ^4.5.0
    version: 4.5.0

devDependencies:
  '@types/lodash-es':
    specifier: ^4.17.12
    version: 4.17.12

packages:

  /@types/lodash-es@4.17.12:
    resolution: {integrity: sha512-0NgftHUcV4v34VhXm8QBSftKVXtbkBG3ViCjs6+eJ5a6y6Mi/jiFGPc1sC7QK+9BFhWrURE3EOggmWaSxL9OzQ==}
    dependencies:
      '@types/lodash': 4.17.20
    dev: true

  /@types/lodash@4.17.20:
    resolution: {integrity: sha512-H3MHACvFUEiujabxhaI/ImO6gUrd8oOurg7LQtS7mbwIXA/cUqWrvBsaeJ23aZEPk1TAYkurjfMbSELfoCXlGA==}
    dev: true

  /deep-pick-omit@1.2.1:
    resolution: {integrity: sha512-2J6Kc/m3irCeqVG42T+SaUMesaK7oGWaedGnQQK/+O0gYc+2SP5bKh/KKTE7d7SJ+GCA9UUE1GRzh6oDe0EnGw==}
    dev: false

  /defu@6.1.4:
    resolution: {integrity: sha512-mEQCMmwJu317oSz8CwdIOdwf3xMif1ttiM8LTufzc3g6kR+9Pe236twL8j3IYT1F7GfRgGcW6MWxzZjLIkuHIg==}
    dev: false

  /destr@2.0.5:
    resolution: {integrity: sha512-ugFTXCtDZunbzasqBxrK93Ik/DRYsO6S/fedkWEMKqt04xZ4csmnmwGDBAb07QWNaGMAmnTIemsYZCksjATwsA==}
    dev: false

  /lodash-es@4.17.21:
    resolution: {integrity: sha512-mKnC+QJ9pWVzv+C4/U3rRsHapFfHvQFoFB92e52xeyGMcX6/OlIl78je1u8vePzYZSkkogMPJ2yjxxsb89cxyw==}
    dev: false

  /pinia-plugin-persistedstate@4.5.0:
    resolution: {integrity: sha512-QTkP1xJVyCdr2I2p3AKUZM84/e+IS+HktRxKGAIuDzkyaKKV48mQcYkJFVVDuvTxlI5j6X3oZObpqoVB8JnWpw==}
    peerDependencies:
      '@nuxt/kit': '>=3.0.0'
      '@pinia/nuxt': '>=0.10.0'
      pinia: '>=3.0.0'
    peerDependenciesMeta:
      '@nuxt/kit':
        optional: true
      '@pinia/nuxt':
        optional: true
      pinia:
        optional: true
    dependencies:
      deep-pick-omit: 1.2.1
      defu: 6.1.4
      destr: 2.0.5
    dev: false
